
Microsoft Visual Studio Solution File, Format Version 12.00
# Visual Studio Version 16
VisualStudioVersion = 16.0.31729.503
MinimumVisualStudioVersion = 10.0.40219.1
Project("{FAE04EC0-301F-11D3-BF4B-00C04F79EFBC}") = "1-Z", "1-Z\1-Z.csproj", "{FDB23EDE-0183-4B9D-AA17-F86BA25E35BE}"
EndProject
Project("{FAE04EC0-301F-11D3-BF4B-00C04F79EFBC}") = "2-Z", "2-Z\2-Z.csproj", "{BDBBDE66-41D3-4072-AC85-65EF53DC3FE1}"
EndProject
Project("{FAE04EC0-301F-11D3-BF4B-00C04F79EFBC}") = "3-Z", "3-Z\3-Z.csproj", "{CF7CCB97-3303-411F-92FA-89544E04277C}"
EndProject
Global
	GlobalSection(SolutionConfigurationPlatforms) = preSolution
		Debug|Any CPU = Debug|Any CPU
		Release|Any CPU = Release|Any CPU
	EndGlobalSection
	GlobalSection(ProjectConfigurationPlatforms) = postSolution
		{FDB23EDE-0183-4B9D-AA17-F86BA25E35BE}.Debug|Any CPU.ActiveCfg = Debug|Any CPU
		{FDB23EDE-0183-4B9D-AA17-F86BA25E35BE}.Debug|Any CPU.Build.0 = Debug|Any CPU
		{FDB23EDE-0183-4B9D-AA17-F86BA25E35BE}.Release|Any CPU.ActiveCfg = Release|Any CPU
		{FDB23EDE-0183-4B9D-AA17-F86BA25E35BE}.Release|Any CPU.Build.0 = Release|Any CPU
		{BDBBDE66-41D3-4072-AC85-65EF53DC3FE1}.Debug|Any CPU.ActiveCfg = Debug|Any CPU
		{BDBBDE66-41D3-4072-AC85-65EF53DC3FE1}.Debug|Any CPU.Build.0 = Debug|Any CPU
		{BDBBDE66-41D3-4072-AC85-65EF53DC3FE1}.Release|Any CPU.ActiveCfg = Release|Any CPU
		{BDBBDE66-41D3-4072-AC85-65EF53DC3FE1}.Release|Any CPU.Build.0 = Release|Any CPU
		{CF7CCB97-3303-411F-92FA-89544E04277C}.Debug|Any CPU.ActiveCfg = Debug|Any CPU
		{CF7CCB97-3303-411F-92FA-89544E04277C}.Debug|Any CPU.Build.0 = Debug|Any CPU
		{CF7CCB97-3303-411F-92FA-89544E04277C}.Release|Any CPU.ActiveCfg = Release|Any CPU
		{CF7CCB97-3303-411F-92FA-89544E04277C}.Release|Any CPU.Build.0 = Release|Any CPU
	EndGlobalSection
	GlobalSection(SolutionProperties) = preSolution
		HideSolutionNode = FALSE
	EndGlobalSection
	GlobalSection(ExtensibilityGlobals) = postSolution
		SolutionGuid = {86B3BA07-DFD8-42B9-8AA0-D98C9D0C4661}
	EndGlobalSection
EndGlobal
